// !$*UTF8*$!
{
	archiveVersion = 1;
	classes = {
	};
	objectVersion = 56;
	objects = {

/* Begin PBXBuildFile section */
		E689A012298135F900F69235 /* ListCell.swift in Sources */ = {isa = PBXBuildFile; fileRef = E689A011298135F900F69235 /* ListCell.swift */; };
		E6A44A95297054B30095E795 /* AppDelegate.swift in Sources */ = {isa = PBXBuildFile; fileRef = E6A44A94297054B30095E795 /* AppDelegate.swift */; };
		E6A44A97297054B30095E795 /* SceneDelegate.swift in Sources */ = {isa = PBXBuildFile; fileRef = E6A44A96297054B30095E795 /* SceneDelegate.swift */; };
		E6A44A99297054B30095E795 /* HomeViewController.swift in Sources */ = {isa = PBXBuildFile; fileRef = E6A44A98297054B30095E795 /* HomeViewController.swift */; };
		E6A44A9C297054B30095E795 /* Main.storyboard in Resources */ = {isa = PBXBuildFile; fileRef = E6A44A9A297054B30095E795 /* Main.storyboard */; };
		E6A44A9E297054B50095E795 /* Assets.xcassets in Resources */ = {isa = PBXBuildFile; fileRef = E6A44A9D297054B50095E795 /* Assets.xcassets */; };
		E6A44AA1297054B50095E795 /* LaunchScreen.storyboard in Resources */ = {isa = PBXBuildFile; fileRef = E6A44A9F297054B50095E795 /* LaunchScreen.storyboard */; };
		E6A44AA9297057A40095E795 /* WorkoutViewController.swift in Sources */ = {isa = PBXBuildFile; fileRef = E6A44AA8297057A40095E795 /* WorkoutViewController.swift */; };
		E6A44AAC297057DC0095E795 /* UIView+Extension.swift in Sources */ = {isa = PBXBuildFile; fileRef = E6A44AAB297057DC0095E795 /* UIView+Extension.swift */; };
		E6A44AAF29705EBC0095E795 /* CardData.swift in Sources */ = {isa = PBXBuildFile; fileRef = E6A44AAE29705EBC0095E795 /* CardData.swift */; };
		E6A44AB12980088B0095E795 /* WorkoutData.swift in Sources */ = {isa = PBXBuildFile; fileRef = E6A44AB02980088B0095E795 /* WorkoutData.swift */; };
		E6A44AB329800A520095E795 /* ChooseWorkoutViewController.swift in Sources */ = {isa = PBXBuildFile; fileRef = E6A44AB229800A520095E795 /* ChooseWorkoutViewController.swift */; };
		E6A44AB529800AD60095E795 /* DescriptionViewController.swift in Sources */ = {isa = PBXBuildFile; fileRef = E6A44AB429800AD60095E795 /* DescriptionViewController.swift */; };
/* End PBXBuildFile section */

/* Begin PBXFileReference section */
		E689A011298135F900F69235 /* ListCell.swift */ = {isa = PBXFileReference; lastKnownFileType = sourcecode.swift; path = ListCell.swift; sourceTree = "<group>"; };
		E6A44A91297054B30095E795 /* LegDay.app */ = {isa = PBXFileReference; explicitFileType = wrapper.application; includeInIndex = 0; path = LegDay.app; sourceTree = BUILT_PRODUCTS_DIR; };
		E6A44A94297054B30095E795 /* AppDelegate.swift */ = {isa = PBXFileReference; lastKnownFileType = sourcecode.swift; path = AppDelegate.swift; sourceTree = "<group>"; };
		E6A44A96297054B30095E795 /* SceneDelegate.swift */ = {isa = PBXFileReference; lastKnownFileType = sourcecode.swift; path = SceneDelegate.swift; sourceTree = "<group>"; };
		E6A44A98297054B30095E795 /* HomeViewController.swift */ = {isa = PBXFileReference; lastKnownFileType = sourcecode.swift; path = HomeViewController.swift; sourceTree = "<group>"; };
		E6A44A9B297054B30095E795 /* Base */ = {isa = PBXFileReference; lastKnownFileType = file.storyboard; name = Base; path = Base.lproj/Main.storyboard; sourceTree = "<group>"; };
		E6A44A9D297054B50095E795 /* Assets.xcassets */ = {isa = PBXFileReference; lastKnownFileType = folder.assetcatalog; path = Assets.xcassets; sourceTree = "<group>"; };
		E6A44AA0297054B50095E795 /* Base */ = {isa = PBXFileReference; lastKnownFileType = file.storyboard; name = Base; path = Base.lproj/LaunchScreen.storyboard; sourceTree = "<group>"; };
		E6A44AA2297054B50095E795 /* Info.plist */ = {isa = PBXFileReference; lastKnownFileType = text.plist.xml; path = Info.plist; sourceTree = "<group>"; };
		E6A44AA8297057A40095E795 /* WorkoutViewController.swift */ = {isa = PBXFileReference; lastKnownFileType = sourcecode.swift; path = WorkoutViewController.swift; sourceTree = "<group>"; };
		E6A44AAB297057DC0095E795 /* UIView+Extension.swift */ = {isa = PBXFileReference; lastKnownFileType = sourcecode.swift; path = "UIView+Extension.swift"; sourceTree = "<group>"; };
		E6A44AAE29705EBC0095E795 /* CardData.swift */ = {isa = PBXFileReference; lastKnownFileType = sourcecode.swift; path = CardData.swift; sourceTree = "<group>"; };
		E6A44AB02980088B0095E795 /* WorkoutData.swift */ = {isa = PBXFileReference; lastKnownFileType = sourcecode.swift; path = WorkoutData.swift; sourceTree = "<group>"; };
		E6A44AB229800A520095E795 /* ChooseWorkoutViewController.swift */ = {isa = PBXFileReference; lastKnownFileType = sourcecode.swift; path = ChooseWorkoutViewController.swift; sourceTree = "<group>"; };
		E6A44AB429800AD60095E795 /* DescriptionViewController.swift */ = {isa = PBXFileReference; lastKnownFileType = sourcecode.swift; path = DescriptionViewController.swift; sourceTree = "<group>"; };
/* End PBXFileReference section */

/* Begin PBXFrameworksBuildPhase section */
		E6A44A8E297054B30095E795 /* Frameworks */ = {
			isa = PBXFrameworksBuildPhase;
			buildActionMask = 2147483647;
			files = (
			);
			runOnlyForDeploymentPostprocessing = 0;
		};
/* End PBXFrameworksBuildPhase section */

/* Begin PBXGroup section */
		E6A44A88297054B30095E795 = {
			isa = PBXGroup;
			children = (
				E6A44A93297054B30095E795 /* LegDay */,
				E6A44A92297054B30095E795 /* Products */,
			);
			sourceTree = "<group>";
		};
		E6A44A92297054B30095E795 /* Products */ = {
			isa = PBXGroup;
			children = (
				E6A44A91297054B30095E795 /* LegDay.app */,
			);
			name = Products;
			sourceTree = "<group>";
		};
		E6A44A93297054B30095E795 /* LegDay */ = {
			isa = PBXGroup;
			children = (
				E6A44A9A297054B30095E795 /* Main.storyboard */,
				E6A44AAB297057DC0095E795 /* UIView+Extension.swift */,
				E6A44AAE29705EBC0095E795 /* CardData.swift */,
				E6A44AB02980088B0095E795 /* WorkoutData.swift */,
				E6A44AAD297057F70095E795 /* VC */,
				E6A44A94297054B30095E795 /* AppDelegate.swift */,
				E6A44A96297054B30095E795 /* SceneDelegate.swift */,
				E6A44A9D297054B50095E795 /* Assets.xcassets */,
				E6A44A9F297054B50095E795 /* LaunchScreen.storyboard */,
				E6A44AA2297054B50095E795 /* Info.plist */,
			);
			path = LegDay;
			sourceTree = "<group>";
		};
		E6A44AAD297057F70095E795 /* VC */ = {
			isa = PBXGroup;
			children = (
				E6A44A98297054B30095E795 /* HomeViewController.swift */,
				E6A44AB429800AD60095E795 /* DescriptionViewController.swift */,
				E6A44AB229800A520095E795 /* ChooseWorkoutViewController.swift */,
				E689A011298135F900F69235 /* ListCell.swift */,
				E6A44AA8297057A40095E795 /* WorkoutViewController.swift */,
			);
			path = VC;
			sourceTree = "<group>";
		};
/* End PBXGroup section */

/* Begin PBXNativeTarget section */
		E6A44A90297054B30095E795 /* LegDay */ = {
			isa = PBXNativeTarget;
			buildConfigurationList = E6A44AA5297054B50095E795 /* Build configuration list for PBXNativeTarget "LegDay" */;
			buildPhases = (
				E6A44A8D297054B30095E795 /* Sources */,
				E6A44A8E297054B30095E795 /* Frameworks */,
				E6A44A8F297054B30095E795 /* Resources */,
			);
			buildRules = (
			);
			dependencies = (
			);
			name = LegDay;
			productName = LegDay;
			productReference = E6A44A91297054B30095E795 /* LegDay.app */;
			productType = "com.apple.product-type.application";
		};
/* End PBXNativeTarget section */

/* Begin PBXProject section */
		E6A44A89297054B30095E795 /* Project object */ = {
			isa = PBXProject;
			attributes = {
				BuildIndependentTargetsInParallel = 1;
				LastSwiftUpdateCheck = 1420;
				LastUpgradeCheck = 1420;
				TargetAttributes = {
					E6A44A90297054B30095E795 = {
						CreatedOnToolsVersion = 14.2;
					};
				};
			};
			buildConfigurationList = E6A44A8C297054B30095E795 /* Build configuration list for PBXProject "LegDay" */;
			compatibilityVersion = "Xcode 14.0";
			developmentRegion = en;
			hasScannedForEncodings = 0;
			knownRegions = (
				en,
				Base,
			);
			mainGroup = E6A44A88297054B30095E795;
			productRefGroup = E6A44A92297054B30095E795 /* Products */;
			projectDirPath = "";
			projectRoot = "";
			targets = (
				E6A44A90297054B30095E795 /* LegDay */,
			);
		};
/* End PBXProject section */

/* Begin PBXResourcesBuildPhase section */
		E6A44A8F297054B30095E795 /* Resources */ = {
			isa = PBXResourcesBuildPhase;
			buildActionMask = 2147483647;
			files = (
				E6A44AA1297054B50095E795 /* LaunchScreen.storyboard in Resources */,
				E6A44A9E297054B50095E795 /* Assets.xcassets in Resources */,
				E6A44A9C297054B30095E795 /* Main.storyboard in Resources */,
			);
			runOnlyForDeploymentPostprocessing = 0;
		};
/* End PBXResourcesBuildPhase section */

/* Begin PBXSourcesBuildPhase section */
		E6A44A8D297054B30095E795 /* Sources */ = {
			isa = PBXSourcesBuildPhase;
			buildActionMask = 2147483647;
			files = (
				E6A44AA9297057A40095E795 /* WorkoutViewController.swift in Sources */,
				E6A44A99297054B30095E795 /* HomeViewController.swift in Sources */,
				E6A44A95297054B30095E795 /* AppDelegate.swift in Sources */,
				E689A012298135F900F69235 /* ListCell.swift in Sources */,
				E6A44AAF29705EBC0095E795 /* CardData.swift in Sources */,
				E6A44AB12980088B0095E795 /* WorkoutData.swift in Sources */,
				E6A44AB329800A520095E795 /* ChooseWorkoutViewController.swift in Sources */,
				E6A44AB529800AD60095E795 /* DescriptionViewController.swift in Sources */,
				E6A44AAC297057DC0095E795 /* UIView+Extension.swift in Sources */,
				E6A44A97297054B30095E795 /* SceneDelegate.swift in Sources */,
			);
			runOnlyForDeploymentPostprocessing = 0;
		};
/* End PBXSourcesBuildPhase section */

/* Begin PBXVariantGroup section */
		E6A44A9A297054B30095E795 /* Main.storyboard */ = {
			isa = PBXVariantGroup;
			children = (
				E6A44A9B297054B30095E795 /* Base */,
			);
			name = Main.storyboard;
			sourceTree = "<group>";
		};
		E6A44A9F297054B50095E795 /* LaunchScreen.storyboard */ = {
			isa = PBXVariantGroup;
			children = (
				E6A44AA0297054B50095E795 /* Base */,
			);
			name = LaunchScreen.storyboard;
			sourceTree = "<group>";
		};
/* End PBXVariantGroup section */

/* Begin XCBuildConfiguration section */
		E6A44AA3297054B50095E795 /* Debug */ = {
			isa = XCBuildConfiguration;
			buildSettings = {
				ALWAYS_SEARCH_USER_PATHS = NO;
				CLANG_ANALYZER_NONNULL = YES;
				CLANG_ANALYZER_NUMBER_OBJECT_CONVERSION = YES_AGGRESSIVE;
				CLANG_CXX_LANGUAGE_STANDARD = "gnu++20";
				CLANG_ENABLE_MODULES = YES;
				CLANG_ENABLE_OBJC_ARC = YES;
				CLANG_ENABLE_OBJC_WEAK = YES;
				CLANG_WARN_BLOCK_CAPTURE_AUTORELEASING = YES;
				CLANG_WARN_BOOL_CONVERSION = YES;
				CLANG_WARN_COMMA = YES;
				CLANG_WARN_CONSTANT_CONVERSION = YES;
				CLANG_WARN_DEPRECATED_OBJC_IMPLEMENTATIONS = YES;
				CLANG_WARN_DIRECT_OBJC_ISA_USAGE = YES_ERROR;
				CLANG_WARN_DOCUMENTATION_COMMENTS = YES;
				CLANG_WARN_EMPTY_BODY = YES;
				CLANG_WARN_ENUM_CONVERSION = YES;
				CLANG_WARN_INFINITE_RECURSION = YES;
				CLANG_WARN_INT_CONVERSION = YES;
				CLANG_WARN_NON_LITERAL_NULL_CONVERSION = YES;
				CLANG_WARN_OBJC_IMPLICIT_RETAIN_SELF = YES;
				CLANG_WARN_OBJC_LITERAL_CONVERSION = YES;
				CLANG_WARN_OBJC_ROOT_CLASS = YES_ERROR;
				CLANG_WARN_QUOTED_INCLUDE_IN_FRAMEWORK_HEADER = YES;
				CLANG_WARN_RANGE_LOOP_ANALYSIS = YES;
				CLANG_WARN_STRICT_PROTOTYPES = YES;
				CLANG_WARN_SUSPICIOUS_MOVE = YES;
				CLANG_WARN_UNGUARDED_AVAILABILITY = YES_AGGRESSIVE;
				CLANG_WARN_UNREACHABLE_CODE = YES;
				CLANG_WARN__DUPLICATE_METHOD_MATCH = YES;
				COPY_PHASE_STRIP = NO;
				DEBUG_INFORMATION_FORMAT = dwarf;
				ENABLE_STRICT_OBJC_MSGSEND = YES;
				ENABLE_TESTABILITY = YES;
				GCC_C_LANGUAGE_STANDARD = gnu11;
				GCC_DYNAMIC_NO_PIC = NO;
				GCC_NO_COMMON_BLOCKS = YES;
				GCC_OPTIMIZATION_LEVEL = 0;
				GCC_PREPROCESSOR_DEFINITIONS = (
					"DEBUG=1",
					"$(inherited)",
				);
				GCC_WARN_64_TO_32_BIT_CONVERSION = YES;
				GCC_WARN_ABOUT_RETURN_TYPE = YES_ERROR;
				GCC_WARN_UNDECLARED_SELECTOR = YES;
				GCC_WARN_UNINITIALIZED_AUTOS = YES_AGGRESSIVE;
				GCC_WARN_UNUSED_FUNCTION = YES;
				GCC_WARN_UNUSED_VARIABLE = YES;
				IPHONEOS_DEPLOYMENT_TARGET = 16.2;
				MTL_ENABLE_DEBUG_INFO = INCLUDE_SOURCE;
				MTL_FAST_MATH = YES;
				ONLY_ACTIVE_ARCH = YES;
				SDKROOT = iphoneos;
				SWIFT_ACTIVE_COMPILATION_CONDITIONS = DEBUG;
				SWIFT_OPTIMIZATION_LEVEL = "-Onone";
			};
			name = Debug;
		};
		E6A44AA4297054B50095E795 /* Release */ = {
			isa = XCBuildConfiguration;
			buildSettings = {
				ALWAYS_SEARCH_USER_PATHS = NO;
				CLANG_ANALYZER_NONNULL = YES;
				CLANG_ANALYZER_NUMBER_OBJECT_CONVERSION = YES_AGGRESSIVE;
				CLANG_CXX_LANGUAGE_STANDARD = "gnu++20";
				CLANG_ENABLE_MODULES = YES;
				CLANG_ENABLE_OBJC_ARC = YES;
				CLANG_ENABLE_OBJC_WEAK = YES;
				CLANG_WARN_BLOCK_CAPTURE_AUTORELEASING = YES;
				CLANG_WARN_BOOL_CONVERSION = YES;
				CLANG_WARN_COMMA = YES;
				CLANG_WARN_CONSTANT_CONVERSION = YES;
				CLANG_WARN_DEPRECATED_OBJC_IMPLEMENTATIONS = YES;
				CLANG_WARN_DIRECT_OBJC_ISA_USAGE = YES_ERROR;
				CLANG_WARN_DOCUMENTATION_COMMENTS = YES;
				CLANG_WARN_EMPTY_BODY = YES;
				CLANG_WARN_ENUM_CONVERSION = YES;
				CLANG_WARN_INFINITE_RECURSION = YES;
				CLANG_WARN_INT_CONVERSION = YES;
				CLANG_WARN_NON_LITERAL_NULL_CONVERSION = YES;
				CLANG_WARN_OBJC_IMPLICIT_RETAIN_SELF = YES;
				CLANG_WARN_OBJC_LITERAL_CONVERSION = YES;
				CLANG_WARN_OBJC_ROOT_CLASS = YES_ERROR;
				CLANG_WARN_QUOTED_INCLUDE_IN_FRAMEWORK_HEADER = YES;
				CLANG_WARN_RANGE_LOOP_ANALYSIS = YES;
				CLANG_WARN_STRICT_PROTOTYPES = YES;
				CLANG_WARN_SUSPICIOUS_MOVE = YES;
				CLANG_WARN_UNGUARDED_AVAILABILITY = YES_AGGRESSIVE;
				CLANG_WARN_UNREACHABLE_CODE = YES;
				CLANG_WARN__DUPLICATE_METHOD_MATCH = YES;
				COPY_PHASE_STRIP = NO;
				DEBUG_INFORMATION_FORMAT = "dwarf-with-dsym";
				ENABLE_NS_ASSERTIONS = NO;
				ENABLE_STRICT_OBJC_MSGSEND = YES;
				GCC_C_LANGUAGE_STANDARD = gnu11;
				GCC_NO_COMMON_BLOCKS = YES;
				GCC_WARN_64_TO_32_BIT_CONVERSION = YES;
				GCC_WARN_ABOUT_RETURN_TYPE = YES_ERROR;
				GCC_WARN_UNDECLARED_SELECTOR = YES;
				GCC_WARN_UNINITIALIZED_AUTOS = YES_AGGRESSIVE;
				GCC_WARN_UNUSED_FUNCTION = YES;
				GCC_WARN_UNUSED_VARIABLE = YES;
				IPHONEOS_DEPLOYMENT_TARGET = 16.2;
				MTL_ENABLE_DEBUG_INFO = NO;
				MTL_FAST_MATH = YES;
				SDKROOT = iphoneos;
				SWIFT_COMPILATION_MODE = wholemodule;
				SWIFT_OPTIMIZATION_LEVEL = "-O";
				VALIDATE_PRODUCT = YES;
			};
			name = Release;
		};
		E6A44AA6297054B50095E795 /* Debug */ = {
			isa = XCBuildConfiguration;
			buildSettings = {
				ASSETCATALOG_COMPILER_APPICON_NAME = AppIcon;
				ASSETCATALOG_COMPILER_GLOBAL_ACCENT_COLOR_NAME = AccentColor;
				CODE_SIGN_STYLE = Automatic;
				CURRENT_PROJECT_VERSION = 1;
				DEVELOPMENT_TEAM = C3N2FXBXWT;
				GENERATE_INFOPLIST_FILE = YES;
				INFOPLIST_FILE = LegDay/Info.plist;
				INFOPLIST_KEY_UIApplicationSupportsIndirectInputEvents = YES;
				INFOPLIST_KEY_UILaunchStoryboardName = LaunchScreen;
				INFOPLIST_KEY_UIMainStoryboardFile = Main;
				INFOPLIST_KEY_UISupportedInterfaceOrientations_iPad = "UIInterfaceOrientationPortrait UIInterfaceOrientationPortraitUpsideDown UIInterfaceOrientationLandscapeLeft UIInterfaceOrientationLandscapeRight";
				INFOPLIST_KEY_UISupportedInterfaceOrientations_iPhone = "UIInterfaceOrientationPortrait UIInterfaceOrientationLandscapeLeft UIInterfaceOrientationLandscapeRight";
				IPHONEOS_DEPLOYMENT_TARGET = 16.0;
				LD_RUNPATH_SEARCH_PATHS = (
					"$(inherited)",
					"@executable_path/Frameworks",
				);
				MARKETING_VERSION = 1.0;
				PRODUCT_BUNDLE_IDENTIFIER = LeoKim.LegDay;
				PRODUCT_NAME = "$(TARGET_NAME)";
				SWIFT_EMIT_LOC_STRINGS = YES;
				SWIFT_VERSION = 5.0;
				TARGETED_DEVICE_FAMILY = "1,2";
			};
			name = Debug;
		};
		E6A44AA7297054B50095E795 /* Release */ = {
			isa = XCBuildConfiguration;
			buildSettings = {
				ASSETCATALOG_COMPILER_APPICON_NAME = AppIcon;
				ASSETCATALOG_COMPILER_GLOBAL_ACCENT_COLOR_NAME = AccentColor;
				CODE_SIGN_STYLE = Automatic;
				CURRENT_PROJECT_VERSION = 1;
				DEVELOPMENT_TEAM = C3N2FXBXWT;
				GENERATE_INFOPLIST_FILE = YES;
				INFOPLIST_FILE = LegDay/Info.plist;
				INFOPLIST_KEY_UIApplicationSupportsIndirectInputEvents = YES;
				INFOPLIST_KEY_UILaunchStoryboardName = LaunchScreen;
				INFOPLIST_KEY_UIMainStoryboardFile = Main;
				INFOPLIST_KEY_UISupportedInterfaceOrientations_iPad = "UIInterfaceOrientationPortrait UIInterfaceOrientationPortraitUpsideDown UIInterfaceOrientationLandscapeLeft UIInterfaceOrientationLandscapeRight";
				INFOPLIST_KEY_UISupportedInterfaceOrientations_iPhone = "UIInterfaceOrientationPortrait UIInterfaceOrientationLandscapeLeft UIInterfaceOrientationLandscapeRight";
				IPHONEOS_DEPLOYMENT_TARGET = 16.0;
				LD_RUNPATH_SEARCH_PATHS = (
					"$(inherited)",
					"@executable_path/Frameworks",
				);
				MARKETING_VERSION = 1.0;
				PRODUCT_BUNDLE_IDENTIFIER = LeoKim.LegDay;
				PRODUCT_NAME = "$(TARGET_NAME)";
				SWIFT_EMIT_LOC_STRINGS = YES;
				SWIFT_VERSION = 5.0;
				TARGETED_DEVICE_FAMILY = "1,2";
			};
			name = Release;
		};
/* End XCBuildConfiguration section */

/* Begin XCConfigurationList section */
		E6A44A8C297054B30095E795 /* Build configuration list for PBXProject "LegDay" */ = {
			isa = XCConfigurationList;
			buildConfigurations = (
				E6A44AA3297054B50095E795 /* Debug */,
				E6A44AA4297054B50095E795 /* Release */,
			);
			defaultConfigurationIsVisible = 0;
			defaultConfigurationName = Release;
		};
		E6A44AA5297054B50095E795 /* Build configuration list for PBXNativeTarget "LegDay" */ = {
			isa = XCConfigurationList;
			buildConfigurations = (
				E6A44AA6297054B50095E795 /* Debug */,
				E6A44AA7297054B50095E795 /* Release */,
			);
			defaultConfigurationIsVisible = 0;
			defaultConfigurationName = Release;
		};
/* End XCConfigurationList section */
	};
	rootObject = E6A44A89297054B30095E795 /* Project object */;
}
